github.com/urkx/LZWCompress v0.0.0-20240709185010-43004435a753 h1:cHEPuDnA+E9l1UsH9UQ8ZZtLnp6BPtbRcB90F3f6/2o=
github.com/urkx/LZWCompress v0.0.0-20240709185010-43004435a753/go.mod h1:3Vb9kFknrYEwnvv+AIpvfZhnn7Gv469iu1z2KxxFzho=
github.com/urkx/LZWCompress v0.1.0 h1:eVPdielxNmA1Dy+gGXZmfCZ+JV+zS++kQNBkKMIfuno=
github.com/urkx/LZWCompress v0.1.0/go.mod h1:3Vb9kFknrYEwnvv+AIpvfZhnn7Gv469iu1z2KxxFzho=
